// !$*UTF8*$!
{
	archiveVersion = 1;
	classes = {
	};
	objectVersion = 46;
	objects = {

/* Begin PBXBuildFile section */
		95132D801E46611800A2A9F1 /* HapTic.swift in Sources */ = {isa = PBXBuildFile; fileRef = 95132D7E1E46611800A2A9F1 /* HapTic.swift */; };
		95132D811E46611800A2A9F1 /* HapTicButton.swift in Sources */ = {isa = PBXBuildFile; fileRef = 95132D7F1E46611800A2A9F1 /* HapTicButton.swift */; };
		95418D711E4F7B5F00A5EC00 /* AppDelegate.swift in Sources */ = {isa = PBXBuildFile; fileRef = 95418D681E4F7B5F00A5EC00 /* AppDelegate.swift */; };
		95418D721E4F7B5F00A5EC00 /* ViewController.swift in Sources */ = {isa = PBXBuildFile; fileRef = 95418D691E4F7B5F00A5EC00 /* ViewController.swift */; };
		95418D731E4F7B5F00A5EC00 /* Feedback.swift in Sources */ = {isa = PBXBuildFile; fileRef = 95418D6B1E4F7B5F00A5EC00 /* Feedback.swift */; };
		95418D741E4F7B5F00A5EC00 /* Assets.xcassets in Resources */ = {isa = PBXBuildFile; fileRef = 95418D6D1E4F7B5F00A5EC00 /* Assets.xcassets */; };
		95418D751E4F7B5F00A5EC00 /* LaunchScreen.storyboard in Resources */ = {isa = PBXBuildFile; fileRef = 95418D6E1E4F7B5F00A5EC00 /* LaunchScreen.storyboard */; };
		D00561E0811C391BC75CFF9A /* Pods_HapTicDemo.framework in Frameworks */ = {isa = PBXBuildFile; fileRef = 127FD0AF2B7C9310EA1E31B2 /* Pods_HapTicDemo.framework */; };
/* End PBXBuildFile section */

/* Begin PBXFileReference section */
		0352A99A9BCE66053A9E0A14 /* Pods-HapTicDemo.debug.xcconfig */ = {isa = PBXFileReference; includeInIndex = 1; lastKnownFileType = text.xcconfig; name = "Pods-HapTicDemo.debug.xcconfig"; path = "Pods/Target Support Files/Pods-HapTicDemo/Pods-HapTicDemo.debug.xcconfig"; sourceTree = "<group>"; };
		127FD0AF2B7C9310EA1E31B2 /* Pods_HapTicDemo.framework */ = {isa = PBXFileReference; explicitFileType = wrapper.framework; includeInIndex = 0; path = Pods_HapTicDemo.framework; sourceTree = BUILT_PRODUCTS_DIR; };
		2EBDC4455662A319387D350B /* Pods-TapTicDemo.release.xcconfig */ = {isa = PBXFileReference; includeInIndex = 1; lastKnownFileType = text.xcconfig; name = "Pods-TapTicDemo.release.xcconfig"; path = "Pods/Target Support Files/Pods-TapTicDemo/Pods-TapTicDemo.release.xcconfig"; sourceTree = "<group>"; };
		2FED6FCB9B48493F2764836B /* Pods-HapTicDemo.release.xcconfig */ = {isa = PBXFileReference; includeInIndex = 1; lastKnownFileType = text.xcconfig; name = "Pods-HapTicDemo.release.xcconfig"; path = "Pods/Target Support Files/Pods-HapTicDemo/Pods-HapTicDemo.release.xcconfig"; sourceTree = "<group>"; };
		524E5D79F2CAF2414F32288A /* Pods_TapTicDemo.framework */ = {isa = PBXFileReference; explicitFileType = wrapper.framework; includeInIndex = 0; path = Pods_TapTicDemo.framework; sourceTree = BUILT_PRODUCTS_DIR; };
		7D858F5686457BAD9AC6EE18 /* Pods-TapTicDemo.debug.xcconfig */ = {isa = PBXFileReference; includeInIndex = 1; lastKnownFileType = text.xcconfig; name = "Pods-TapTicDemo.debug.xcconfig"; path = "Pods/Target Support Files/Pods-TapTicDemo/Pods-TapTicDemo.debug.xcconfig"; sourceTree = "<group>"; };
		95132D581E465DB300A2A9F1 /* HapTicDemo.app */ = {isa = PBXFileReference; explicitFileType = wrapper.application; includeInIndex = 0; path = HapTicDemo.app; sourceTree = BUILT_PRODUCTS_DIR; };
		95132D7E1E46611800A2A9F1 /* HapTic.swift */ = {isa = PBXFileReference; fileEncoding = 4; lastKnownFileType = sourcecode.swift; path = HapTic.swift; sourceTree = "<group>"; };
		95132D7F1E46611800A2A9F1 /* HapTicButton.swift */ = {isa = PBXFileReference; fileEncoding = 4; lastKnownFileType = sourcecode.swift; path = HapTicButton.swift; sourceTree = "<group>"; };
		95418D681E4F7B5F00A5EC00 /* AppDelegate.swift */ = {isa = PBXFileReference; fileEncoding = 4; lastKnownFileType = sourcecode.swift; path = AppDelegate.swift; sourceTree = "<group>"; };
		95418D691E4F7B5F00A5EC00 /* ViewController.swift */ = {isa = PBXFileReference; fileEncoding = 4; lastKnownFileType = sourcecode.swift; path = ViewController.swift; sourceTree = "<group>"; };
		95418D6B1E4F7B5F00A5EC00 /* Feedback.swift */ = {isa = PBXFileReference; fileEncoding = 4; lastKnownFileType = sourcecode.swift; path = Feedback.swift; sourceTree = "<group>"; };
		95418D6D1E4F7B5F00A5EC00 /* Assets.xcassets */ = {isa = PBXFileReference; lastKnownFileType = folder.assetcatalog; path = Assets.xcassets; sourceTree = "<group>"; };
		95418D6F1E4F7B5F00A5EC00 /* Base */ = {isa = PBXFileReference; lastKnownFileType = file.storyboard; name = Base; path = Base.lproj/LaunchScreen.storyboard; sourceTree = "<group>"; };
		95418D701E4F7B5F00A5EC00 /* Info.plist */ = {isa = PBXFileReference; fileEncoding = 4; lastKnownFileType = text.plist.xml; path = Info.plist; sourceTree = "<group>"; };
/* End PBXFileReference section */

/* Begin PBXFrameworksBuildPhase section */
		95132D551E465DB300A2A9F1 /* Frameworks */ = {
			isa = PBXFrameworksBuildPhase;
			buildActionMask = 2147483647;
			files = (
				D00561E0811C391BC75CFF9A /* Pods_HapTicDemo.framework in Frameworks */,
			);
			runOnlyForDeploymentPostprocessing = 0;
		};
/* End PBXFrameworksBuildPhase section */

/* Begin PBXGroup section */
		95132D4F1E465DB300A2A9F1 = {
			isa = PBXGroup;
			children = (
				95132D7D1E46611800A2A9F1 /* Sources */,
				95418D661E4F7B5F00A5EC00 /* HapTicDemo */,
				95132D591E465DB300A2A9F1 /* Products */,
				EEF081D79D6D2273DF14C184 /* Pods */,
				CFFE92409D2C71856EC70122 /* Frameworks */,
			);
			sourceTree = "<group>";
		};
		95132D591E465DB300A2A9F1 /* Products */ = {
			isa = PBXGroup;
			children = (
				95132D581E465DB300A2A9F1 /* HapTicDemo.app */,
			);
			name = Products;
			sourceTree = "<group>";
		};
		95132D7D1E46611800A2A9F1 /* Sources */ = {
			isa = PBXGroup;
			children = (
				95132D7E1E46611800A2A9F1 /* HapTic.swift */,
				95132D7F1E46611800A2A9F1 /* HapTicButton.swift */,
			);
			name = Sources;
			path = ../Sources;
			sourceTree = "<group>";
		};
		95418D661E4F7B5F00A5EC00 /* HapTicDemo */ = {
			isa = PBXGroup;
			children = (
				95418D671E4F7B5F00A5EC00 /* Controllers */,
				95418D6A1E4F7B5F00A5EC00 /* Model */,
				95418D6C1E4F7B5F00A5EC00 /* Supporting Files */,
			);
			path = HapTicDemo;
			sourceTree = "<group>";
		};
		95418D671E4F7B5F00A5EC00 /* Controllers */ = {
			isa = PBXGroup;
			children = (
				95418D681E4F7B5F00A5EC00 /* AppDelegate.swift */,
				95418D691E4F7B5F00A5EC00 /* ViewController.swift */,
			);
			path = Controllers;
			sourceTree = "<group>";
		};
		95418D6A1E4F7B5F00A5EC00 /* Model */ = {
			isa = PBXGroup;
			children = (
				95418D6B1E4F7B5F00A5EC00 /* Feedback.swift */,
			);
			path = Model;
			sourceTree = "<group>";
		};
		95418D6C1E4F7B5F00A5EC00 /* Supporting Files */ = {
			isa = PBXGroup;
			children = (
				95418D6D1E4F7B5F00A5EC00 /* Assets.xcassets */,
				95418D6E1E4F7B5F00A5EC00 /* LaunchScreen.storyboard */,
				95418D701E4F7B5F00A5EC00 /* Info.plist */,
			);
			path = "Supporting Files";
			sourceTree = "<group>";
		};
		CFFE92409D2C71856EC70122 /* Frameworks */ = {
			isa = PBXGroup;
			children = (
				524E5D79F2CAF2414F32288A /* Pods_TapTicDemo.framework */,
				127FD0AF2B7C9310EA1E31B2 /* Pods_HapTicDemo.framework */,
			);
			name = Frameworks;
			sourceTree = "<group>";
		};
		EEF081D79D6D2273DF14C184 /* Pods */ = {
			isa = PBXGroup;
			children = (
				7D858F5686457BAD9AC6EE18 /* Pods-TapTicDemo.debug.xcconfig */,
				2EBDC4455662A319387D350B /* Pods-TapTicDemo.release.xcconfig */,
				0352A99A9BCE66053A9E0A14 /* Pods-HapTicDemo.debug.xcconfig */,
				2FED6FCB9B48493F2764836B /* Pods-HapTicDemo.release.xcconfig */,
			);
			name = Pods;
			sourceTree = "<group>";
		};
/* End PBXGroup section */

/* Begin PBXNativeTarget section */
		95132D571E465DB300A2A9F1 /* HapTicDemo */ = {
			isa = PBXNativeTarget;
			buildConfigurationList = 95132D6A1E465DB300A2A9F1 /* Build configuration list for PBXNativeTarget "HapTicDemo" */;
			buildPhases = (
				16A05A1B1F1EFC23A6CE8C24 /* [CP] Check Pods Manifest.lock */,
				95132D541E465DB300A2A9F1 /* Sources */,
				95132D551E465DB300A2A9F1 /* Frameworks */,
				95132D561E465DB300A2A9F1 /* Resources */,
				841795174B2A734937F0121E /* [CP] Embed Pods Frameworks */,
				1DC9858201CEB3B1D8F58F50 /* [CP] Copy Pods Resources */,
			);
			buildRules = (
			);
			dependencies = (
			);
			name = HapTicDemo;
			productName = TapTicDemo;
			productReference = 95132D581E465DB300A2A9F1 /* HapTicDemo.app */;
			productType = "com.apple.product-type.application";
		};
/* End PBXNativeTarget section */

/* Begin PBXProject section */
		95132D501E465DB300A2A9F1 /* Project object */ = {
			isa = PBXProject;
			attributes = {
				LastSwiftUpdateCheck = 0810;
				LastUpgradeCheck = 0810;
				ORGANIZATIONNAME = Darren;
				TargetAttributes = {
					95132D571E465DB300A2A9F1 = {
						CreatedOnToolsVersion = 8.1;
						DevelopmentTeam = 2WQMWW9974;
						ProvisioningStyle = Automatic;
					};
				};
			};
			buildConfigurationList = 95132D531E465DB300A2A9F1 /* Build configuration list for PBXProject "HapTicDemo" */;
			compatibilityVersion = "Xcode 3.2";
			developmentRegion = English;
			hasScannedForEncodings = 0;
			knownRegions = (
				en,
				Base,
			);
			mainGroup = 95132D4F1E465DB300A2A9F1;
			productRefGroup = 95132D591E465DB300A2A9F1 /* Products */;
			projectDirPath = "";
			projectRoot = "";
			targets = (
				95132D571E465DB300A2A9F1 /* HapTicDemo */,
			);
		};
/* End PBXProject section */

/* Begin PBXResourcesBuildPhase section */
		95132D561E465DB300A2A9F1 /* Resources */ = {
			isa = PBXResourcesBuildPhase;
			buildActionMask = 2147483647;
			files = (
				95418D741E4F7B5F00A5EC00 /* Assets.xcassets in Resources */,
				95418D751E4F7B5F00A5EC00 /* LaunchScreen.storyboard in Resources */,
			);
			runOnlyForDeploymentPostprocessing = 0;
		};
/* End PBXResourcesBuildPhase section */

/* Begin PBXShellScriptBuildPhase section */
		16A05A1B1F1EFC23A6CE8C24 /* [CP] Check Pods Manifest.lock */ = {
			isa = PBXShellScriptBuildPhase;
			buildActionMask = 2147483647;
			files = (
			);
			inputPaths = (
			);
			name = "[CP] Check Pods Manifest.lock";
			outputPaths = (
			);
			runOnlyForDeploymentPostprocessing = 0;
			shellPath = /bin/sh;
			shellScript = "diff \"${PODS_ROOT}/../Podfile.lock\" \"${PODS_ROOT}/Manifest.lock\" > /dev/null\nif [ $? != 0 ] ; then\n    # print error to STDERR\n    echo \"error: The sandbox is not in sync with the Podfile.lock. Run 'pod install' or update your CocoaPods installation.\" >&2\n    exit 1\nfi\n";
			showEnvVarsInLog = 0;
		};
		1DC9858201CEB3B1D8F58F50 /* [CP] Copy Pods Resources */ = {
			isa = PBXShellScriptBuildPhase;
			buildActionMask = 2147483647;
			files = (
			);
			inputPaths = (
			);
			name = "[CP] Copy Pods Resources";
			outputPaths = (
			);
			runOnlyForDeploymentPostprocessing = 0;
			shellPath = /bin/sh;
			shellScript = "\"${SRCROOT}/Pods/Target Support Files/Pods-HapTicDemo/Pods-HapTicDemo-resources.sh\"\n";
			showEnvVarsInLog = 0;
		};
		841795174B2A734937F0121E /* [CP] Embed Pods Frameworks */ = {
			isa = PBXShellScriptBuildPhase;
			buildActionMask = 2147483647;
			files = (
			);
			inputPaths = (
			);
			name = "[CP] Embed Pods Frameworks";
			outputPaths = (
			);
			runOnlyForDeploymentPostprocessing = 0;
			shellPath = /bin/sh;
			shellScript = "\"${SRCROOT}/Pods/Target Support Files/Pods-HapTicDemo/Pods-HapTicDemo-frameworks.sh\"\n";
			showEnvVarsInLog = 0;
		};
/* End PBXShellScriptBuildPhase section */

/* Begin PBXSourcesBuildPhase section */
		95132D541E465DB300A2A9F1 /* Sources */ = {
			isa = PBXSourcesBuildPhase;
			buildActionMask = 2147483647;
			files = (
				95418D711E4F7B5F00A5EC00 /* AppDelegate.swift in Sources */,
				95132D811E46611800A2A9F1 /* HapTicButton.swift in Sources */,
				95418D731E4F7B5F00A5EC00 /* Feedback.swift in Sources */,
				95418D721E4F7B5F00A5EC00 /* ViewController.swift in Sources */,
				95132D801E46611800A2A9F1 /* HapTic.swift in Sources */,
			);
			runOnlyForDeploymentPostprocessing = 0;
		};
/* End PBXSourcesBuildPhase section */

/* Begin PBXVariantGroup section */
		95418D6E1E4F7B5F00A5EC00 /* LaunchScreen.storyboard */ = {
			isa = PBXVariantGroup;
			children = (
				95418D6F1E4F7B5F00A5EC00 /* Base */,
			);
			name = LaunchScreen.storyboard;
			sourceTree = "<group>";
		};
/* End PBXVariantGroup section */

/* Begin XCBuildConfiguration section */
		95132D681E465DB300A2A9F1 /* Debug */ = {
			isa = XCBuildConfiguration;
			buildSettings = {
				ALWAYS_SEARCH_USER_PATHS = NO;
				CLANG_ANALYZER_NONNULL = YES;
				CLANG_CXX_LANGUAGE_STANDARD = "gnu++0x";
				CLANG_CXX_LIBRARY = "libc++";
				CLANG_ENABLE_MODULES = YES;
				CLANG_ENABLE_OBJC_ARC = YES;
				CLANG_WARN_BOOL_CONVERSION = YES;
				CLANG_WARN_CONSTANT_CONVERSION = YES;
				CLANG_WARN_DIRECT_OBJC_ISA_USAGE = YES_ERROR;
				CLANG_WARN_DOCUMENTATION_COMMENTS = YES;
				CLANG_WARN_EMPTY_BODY = YES;
				CLANG_WARN_ENUM_CONVERSION = YES;
				CLANG_WARN_INFINITE_RECURSION = YES;
				CLANG_WARN_INT_CONVERSION = YES;
				CLANG_WARN_OBJC_ROOT_CLASS = YES_ERROR;
				CLANG_WARN_SUSPICIOUS_MOVE = YES;
				CLANG_WARN_SUSPICIOUS_MOVES = YES;
				CLANG_WARN_UNREACHABLE_CODE = YES;
				CLANG_WARN__DUPLICATE_METHOD_MATCH = YES;
				"CODE_SIGN_IDENTITY[sdk=iphoneos*]" = "iPhone Developer";
				COPY_PHASE_STRIP = NO;
				DEBUG_INFORMATION_FORMAT = dwarf;
				ENABLE_STRICT_OBJC_MSGSEND = YES;
				ENABLE_TESTABILITY = YES;
				GCC_C_LANGUAGE_STANDARD = gnu99;
				GCC_DYNAMIC_NO_PIC = NO;
				GCC_NO_COMMON_BLOCKS = YES;
				GCC_OPTIMIZATION_LEVEL = 0;
				GCC_PREPROCESSOR_DEFINITIONS = (
					"DEBUG=1",
					"$(inherited)",
				);
				GCC_WARN_64_TO_32_BIT_CONVERSION = YES;
				GCC_WARN_ABOUT_RETURN_TYPE = YES_ERROR;
				GCC_WARN_UNDECLARED_SELECTOR = YES;
				GCC_WARN_UNINITIALIZED_AUTOS = YES_AGGRESSIVE;
				GCC_WARN_UNUSED_FUNCTION = YES;
				GCC_WARN_UNUSED_VARIABLE = YES;
				IPHONEOS_DEPLOYMENT_TARGET = 10.1;
				MTL_ENABLE_DEBUG_INFO = YES;
				ONLY_ACTIVE_ARCH = YES;
				SDKROOT = iphoneos;
				SWIFT_ACTIVE_COMPILATION_CONDITIONS = DEBUG;
				SWIFT_OPTIMIZATION_LEVEL = "-Onone";
			};
			name = Debug;
		};
		95132D691E465DB300A2A9F1 /* Release */ = {
			isa = XCBuildConfiguration;
			buildSettings = {
				ALWAYS_SEARCH_USER_PATHS = NO;
				CLANG_ANALYZER_NONNULL = YES;
				CLANG_CXX_LANGUAGE_STANDARD = "gnu++0x";
				CLANG_CXX_LIBRARY = "libc++";
				CLANG_ENABLE_MODULES = YES;
				CLANG_ENABLE_OBJC_ARC = YES;
				CLANG_WARN_BOOL_CONVERSION = YES;
				CLANG_WARN_CONSTANT_CONVERSION = YES;
				CLANG_WARN_DIRECT_OBJC_ISA_USAGE = YES_ERROR;
				CLANG_WARN_DOCUMENTATION_COMMENTS = YES;
				CLANG_WARN_EMPTY_BODY = YES;
				CLANG_WARN_ENUM_CONVERSION = YES;
				CLANG_WARN_INFINITE_RECURSION = YES;
				CLANG_WARN_INT_CONVERSION = YES;
				CLANG_WARN_OBJC_ROOT_CLASS = YES_ERROR;
				CLANG_WARN_SUSPICIOUS_MOVE = YES;
				CLANG_WARN_SUSPICIOUS_MOVES = YES;
				CLANG_WARN_UNREACHABLE_CODE = YES;
				CLANG_WARN__DUPLICATE_METHOD_MATCH = YES;
				"CODE_SIGN_IDENTITY[sdk=iphoneos*]" = "iPhone Developer";
				COPY_PHASE_STRIP = NO;
				DEBUG_INFORMATION_FORMAT = "dwarf-with-dsym";
				ENABLE_NS_ASSERTIONS = NO;
				ENABLE_STRICT_OBJC_MSGSEND = YES;
				GCC_C_LANGUAGE_STANDARD = gnu99;
				GCC_NO_COMMON_BLOCKS = YES;
				GCC_WARN_64_TO_32_BIT_CONVERSION = YES;
				GCC_WARN_ABOUT_RETURN_TYPE = YES_ERROR;
				GCC_WARN_UNDECLARED_SELECTOR = YES;
				GCC_WARN_UNINITIALIZED_AUTOS = YES_AGGRESSIVE;
				GCC_WARN_UNUSED_FUNCTION = YES;
				GCC_WARN_UNUSED_VARIABLE = YES;
				IPHONEOS_DEPLOYMENT_TARGET = 10.1;
				MTL_ENABLE_DEBUG_INFO = NO;
				SDKROOT = iphoneos;
				SWIFT_OPTIMIZATION_LEVEL = "-Owholemodule";
				VALIDATE_PRODUCT = YES;
			};
			name = Release;
		};
		95132D6B1E465DB300A2A9F1 /* Debug */ = {
			isa = XCBuildConfiguration;
			baseConfigurationReference = 0352A99A9BCE66053A9E0A14 /* Pods-HapTicDemo.debug.xcconfig */;
			buildSettings = {
				ASSETCATALOG_COMPILER_APPICON_NAME = AppIcon;
				DEVELOPMENT_TEAM = 2WQMWW9974;
				INFOPLIST_FILE = "$(SRCROOT)/HapTicDemo/Supporting Files/Info.plist";
				IPHONEOS_DEPLOYMENT_TARGET = 8.0;
				LD_RUNPATH_SEARCH_PATHS = "$(inherited) @executable_path/Frameworks";
				PRODUCT_BUNDLE_IDENTIFIER = com.koreandarren.TapTicDemo;
				PRODUCT_NAME = "$(TARGET_NAME)";
				SWIFT_VERSION = 3.0;
			};
			name = Debug;
		};
		95132D6C1E465DB300A2A9F1 /* Release */ = {
			isa = XCBuildConfiguration;
			baseConfigurationReference = 2FED6FCB9B48493F2764836B /* Pods-HapTicDemo.release.xcconfig */;
			buildSettings = {
				ASSETCATALOG_COMPILER_APPICON_NAME = AppIcon;
				DEVELOPMENT_TEAM = 2WQMWW9974;
				INFOPLIST_FILE = "$(SRCROOT)/HapTicDemo/Supporting Files/Info.plist";
				IPHONEOS_DEPLOYMENT_TARGET = 8.0;
				LD_RUNPATH_SEARCH_PATHS = "$(inherited) @executable_path/Frameworks";
				PRODUCT_BUNDLE_IDENTIFIER = com.koreandarren.TapTicDemo;
				PRODUCT_NAME = "$(TARGET_NAME)";
				SWIFT_VERSION = 3.0;
			};
			name = Release;
		};
/* End XCBuildConfiguration section */

/* Begin XCConfigurationList section */
		95132D531E465DB300A2A9F1 /* Build configuration list for PBXProject "HapTicDemo" */ = {
			isa = XCConfigurationList;
			buildConfigurations = (
				95132D681E465DB300A2A9F1 /* Debug */,
				95132D691E465DB300A2A9F1 /* Release */,
			);
			defaultConfigurationIsVisible = 0;
			defaultConfigurationName = Release;
		};
		95132D6A1E465DB300A2A9F1 /* Build configuration list for PBXNativeTarget "HapTicDemo" */ = {
			isa = XCConfigurationList;
			buildConfigurations = (
				95132D6B1E465DB300A2A9F1 /* Debug */,
				95132D6C1E465DB300A2A9F1 /* Release */,
			);
			defaultConfigurationIsVisible = 0;
			defaultConfigurationName = Release;
		};
/* End XCConfigurationList section */
	};
	rootObject = 95132D501E465DB300A2A9F1 /* Project object */;
}
